
Microsoft Visual Studio Solution File, Format Version 12.00
# Visual Studio Version 17
VisualStudioVersion = 17.0.31903.59
MinimumVisualStudioVersion = 10.0.40219.1
Project("{2150E333-8FDC-42A3-9474-1A3956D46DE8}") = "src", "src", "{B0D6552B-3EE9-4849-8084-8F310FECDA05}"
EndProject
Project("{FAE04EC0-301F-11D3-BF4B-00C04F79EFBC}") = "MnaiWork.Api", "src\MnaiWork.Api\MnaiWork.Api.csproj", "{61CEB683-EB16-4FF7-A55E-19A0AE12D776}"
EndProject
Project("{FAE04EC0-301F-11D3-BF4B-00C04F79EFBC}") = "MnaiWork.BuildExecution", "src\MnaiWork.BuildWorker\MnaiWork.BuildWorker.csproj", "{ED252D80-9947-466B-A93A-E406A979FCBF}"
EndProject
Project("{2150E333-8FDC-42A3-9474-1A3956D46DE8}") = "tests", "tests", "{D8109C0C-253A-489A-82C6-B59984CCF2B0}"
EndProject
Project("{FAE04EC0-301F-11D3-BF4B-00C04F79EFBC}") = "MnaiWork.Api.Tests", "tests\MnaiWork.Api.Tests\MnaiWork.Api.Tests.csproj", "{50A005F6-4980-4CE8-BFF2-F14FEFDC254A}"
EndProject
Project("{FAE04EC0-301F-11D3-BF4B-00C04F79EFBC}") = "MnaiWork.E2BRunner", "src\MnaiWork.E2BRunner\MnaiWork.E2BRunner.csproj", "{94C88EA3-4B03-4739-9C7D-79F10652DED5}"
EndProject
Global
	GlobalSection(SolutionConfigurationPlatforms) = preSolution
		Debug|Any CPU = Debug|Any CPU
		Release|Any CPU = Release|Any CPU
	EndGlobalSection
	GlobalSection(SolutionProperties) = preSolution
		HideSolutionNode = FALSE
	EndGlobalSection
	GlobalSection(ProjectConfigurationPlatforms) = postSolution
		{61CEB683-EB16-4FF7-A55E-19A0AE12D776}.Debug|Any CPU.ActiveCfg = Debug|Any CPU
		{61CEB683-EB16-4FF7-A55E-19A0AE12D776}.Debug|Any CPU.Build.0 = Debug|Any CPU
		{61CEB683-EB16-4FF7-A55E-19A0AE12D776}.Release|Any CPU.ActiveCfg = Release|Any CPU
		{61CEB683-EB16-4FF7-A55E-19A0AE12D776}.Release|Any CPU.Build.0 = Release|Any CPU
		{ED252D80-9947-466B-A93A-E406A979FCBF}.Debug|Any CPU.ActiveCfg = Debug|Any CPU
		{ED252D80-9947-466B-A93A-E406A979FCBF}.Debug|Any CPU.Build.0 = Debug|Any CPU
		{ED252D80-9947-466B-A93A-E406A979FCBF}.Release|Any CPU.ActiveCfg = Release|Any CPU
		{ED252D80-9947-466B-A93A-E406A979FCBF}.Release|Any CPU.Build.0 = Release|Any CPU
		{50A005F6-4980-4CE8-BFF2-F14FEFDC254A}.Debug|Any CPU.ActiveCfg = Debug|Any CPU
		{50A005F6-4980-4CE8-BFF2-F14FEFDC254A}.Debug|Any CPU.Build.0 = Debug|Any CPU
		{50A005F6-4980-4CE8-BFF2-F14FEFDC254A}.Release|Any CPU.ActiveCfg = Release|Any CPU
		{50A005F6-4980-4CE8-BFF2-F14FEFDC254A}.Release|Any CPU.Build.0 = Release|Any CPU
		{94C88EA3-4B03-4739-9C7D-79F10652DED5}.Debug|Any CPU.ActiveCfg = Debug|Any CPU
		{94C88EA3-4B03-4739-9C7D-79F10652DED5}.Debug|Any CPU.Build.0 = Debug|Any CPU
		{94C88EA3-4B03-4739-9C7D-79F10652DED5}.Release|Any CPU.ActiveCfg = Release|Any CPU
		{94C88EA3-4B03-4739-9C7D-79F10652DED5}.Release|Any CPU.Build.0 = Release|Any CPU
	EndGlobalSection
	GlobalSection(NestedProjects) = preSolution
		{61CEB683-EB16-4FF7-A55E-19A0AE12D776} = {B0D6552B-3EE9-4849-8084-8F310FECDA05}
		{ED252D80-9947-466B-A93A-E406A979FCBF} = {B0D6552B-3EE9-4849-8084-8F310FECDA05}
		{50A005F6-4980-4CE8-BFF2-F14FEFDC254A} = {D8109C0C-253A-489A-82C6-B59984CCF2B0}
		{94C88EA3-4B03-4739-9C7D-79F10652DED5} = {B0D6552B-3EE9-4849-8084-8F310FECDA05}
	EndGlobalSection
EndGlobal
